
Microsoft Visual Studio Solution File, Format Version 12.00
# Visual Studio 2013
VisualStudioVersion = 12.0.31101.0
MinimumVisualStudioVersion = 10.0.40219.1
Project("{FAE04EC0-301F-11D3-BF4B-00C04F79EFBC}") = "Mailtest - Copy", "Mailtest - Copy\Mailtest - Copy.csproj", "{87FCE4B8-1A24-4274-87E4-AF4D8865AC3A}"
EndProject
Project("{FAE04EC0-301F-11D3-BF4B-00C04F79EFBC}") = "Mailtest - CopyWeb", "Mailtest - CopyWeb\Mailtest - CopyWeb.csproj", "{3CD956DC-E145-45E6-A8FD-1B36447BB11E}"
EndProject
Global
	GlobalSection(TeamFoundationVersionControl) = preSolution
		SccNumberOfProjects = 3
		SccEnterpriseProvider = {4CA58AB2-18FA-4F8D-95D4-32DDF27D184C}
		SccTeamFoundationServer = https://schraysoft.visualstudio.com/defaultcollection
		SccLocalPath0 = .
		SccProjectUniqueName1 = Mailtest\u0020-\u0020Copy\\Mailtest\u0020-\u0020Copy.csproj
		SccProjectName1 = Mailtest\u0020-\u0020Copy
		SccLocalPath1 = Mailtest\u0020-\u0020Copy
		SccProjectUniqueName2 = Mailtest\u0020-\u0020CopyWeb\\Mailtest\u0020-\u0020CopyWeb.csproj
		SccProjectName2 = Mailtest\u0020-\u0020CopyWeb
		SccLocalPath2 = Mailtest\u0020-\u0020CopyWeb
	EndGlobalSection
	GlobalSection(SolutionConfigurationPlatforms) = preSolution
		Debug|Any CPU = Debug|Any CPU
		Release|Any CPU = Release|Any CPU
	EndGlobalSection
	GlobalSection(ProjectConfigurationPlatforms) = postSolution
		{87FCE4B8-1A24-4274-87E4-AF4D8865AC3A}.Debug|Any CPU.ActiveCfg = Debug|Any CPU
		{87FCE4B8-1A24-4274-87E4-AF4D8865AC3A}.Debug|Any CPU.Build.0 = Debug|Any CPU
		{87FCE4B8-1A24-4274-87E4-AF4D8865AC3A}.Debug|Any CPU.Deploy.0 = Debug|Any CPU
		{87FCE4B8-1A24-4274-87E4-AF4D8865AC3A}.Release|Any CPU.ActiveCfg = Release|Any CPU
		{87FCE4B8-1A24-4274-87E4-AF4D8865AC3A}.Release|Any CPU.Build.0 = Release|Any CPU
		{87FCE4B8-1A24-4274-87E4-AF4D8865AC3A}.Release|Any CPU.Deploy.0 = Release|Any CPU
		{3CD956DC-E145-45E6-A8FD-1B36447BB11E}.Debug|Any CPU.ActiveCfg = Debug|Any CPU
		{3CD956DC-E145-45E6-A8FD-1B36447BB11E}.Debug|Any CPU.Build.0 = Debug|Any CPU
		{3CD956DC-E145-45E6-A8FD-1B36447BB11E}.Release|Any CPU.ActiveCfg = Release|Any CPU
		{3CD956DC-E145-45E6-A8FD-1B36447BB11E}.Release|Any CPU.Build.0 = Release|Any CPU
	EndGlobalSection
	GlobalSection(SolutionProperties) = preSolution
		HideSolutionNode = FALSE
	EndGlobalSection
EndGlobal
